
Microsoft Visual Studio Solution File, Format Version 12.00
# Visual Studio Version 16
VisualStudioVersion = 16.0.29728.190
MinimumVisualStudioVersion = 10.0.40219.1
Project("{E24C65DC-7377-472B-9ABA-BC803B73C61A}") = "first-web-app", ".", "{94964C8D-E575-41F9-B87C-16E85CAC8B17}"
	ProjectSection(WebsiteProperties) = preProject
		TargetFrameworkMoniker = ".NETFramework,Version%3Dv4.0"
		Debug.AspNetCompiler.VirtualPath = "/localhost_52144"
		Debug.AspNetCompiler.PhysicalPath = "..\..\..\..\..\a. Facultate\Materii\PAWEB\Lab_1\first-web-app\"
		Debug.AspNetCompiler.TargetPath = "PrecompiledWeb\localhost_52144\"
		Debug.AspNetCompiler.Updateable = "true"
		Debug.AspNetCompiler.ForceOverwrite = "true"
		Debug.AspNetCompiler.FixedNames = "false"
		Debug.AspNetCompiler.Debug = "True"
		Release.AspNetCompiler.VirtualPath = "/localhost_52144"
		Release.AspNetCompiler.PhysicalPath = "..\..\..\..\..\a. Facultate\Materii\PAWEB\Lab_1\first-web-app\"
		Release.AspNetCompiler.TargetPath = "PrecompiledWeb\localhost_52144\"
		Release.AspNetCompiler.Updateable = "true"
		Release.AspNetCompiler.ForceOverwrite = "true"
		Release.AspNetCompiler.FixedNames = "false"
		Release.AspNetCompiler.Debug = "False"
		VWDPort = "52144"
	EndProjectSection
EndProject
Global
	GlobalSection(SolutionConfigurationPlatforms) = preSolution
		Debug|Any CPU = Debug|Any CPU
	EndGlobalSection
	GlobalSection(ProjectConfigurationPlatforms) = postSolution
		{94964C8D-E575-41F9-B87C-16E85CAC8B17}.Debug|Any CPU.ActiveCfg = Debug|Any CPU
		{94964C8D-E575-41F9-B87C-16E85CAC8B17}.Debug|Any CPU.Build.0 = Debug|Any CPU
	EndGlobalSection
	GlobalSection(SolutionProperties) = preSolution
		HideSolutionNode = FALSE
	EndGlobalSection
	GlobalSection(ExtensibilityGlobals) = postSolution
		SolutionGuid = {F0D08970-890C-4D31-9196-B92FDA4B7CDF}
	EndGlobalSection
EndGlobal
